{
	"name": "unicode-property-escapes-tests",
	"lockfileVersion": 1,
	"dependencies": {
		"define-properties": {
			"version": "1.1.2",
			"resolved": "https://registry.npmjs.org/define-properties/-/define-properties-1.1.2.tgz",
			"integrity": "sha1-g6c/L+pWmJj7c3GTyPhzyvbUXJQ=",
			"dev": true
		},
		"es-abstract": {
			"version": "1.7.0",
			"resolved": "https://registry.npmjs.org/es-abstract/-/es-abstract-1.7.0.tgz",
			"integrity": "sha1-363ndOAb/Nl/lhgCmMRJyGI/uUw=",
			"dev": true
		},
		"es-to-primitive": {
			"version": "1.1.1",
			"resolved": "https://registry.npmjs.org/es-to-primitive/-/es-to-primitive-1.1.1.tgz",
			"integrity": "sha1-RTVSSKiJeQNLZ5Lhm7gfK3l13Q0=",
			"dev": true
		},
		"foreach": {
			"version": "2.0.5",
			"resolved": "https://registry.npmjs.org/foreach/-/foreach-2.0.5.tgz",
			"integrity": "sha1-C+4AUBiusmDQo6865ljdATbsG5k=",
			"dev": true
		},
		"function-bind": {
			"version": "1.1.0",
			"resolved": "https://registry.npmjs.org/function-bind/-/function-bind-1.1.0.tgz",
			"integrity": "sha1-FhdnFMgBeY5Ojyz391KUZ7tKV3E=",
			"dev": true
		},
		"has": {
			"version": "1.0.1",
			"resolved": "https://registry.npmjs.org/has/-/has-1.0.1.tgz",
			"integrity": "sha1-hGFzP1OLCDfJNh45qauelwTcLyg=",
			"dev": true
		},
		"is-callable": {
			"version": "1.1.3",
			"resolved": "https://registry.npmjs.org/is-callable/-/is-callable-1.1.3.tgz",
			"integrity": "sha1-hut1OSgF3cM69xySoO7fdO52BLI=",
			"dev": true
		},
		"is-date-object": {
			"version": "1.0.1",
			"resolved": "https://registry.npmjs.org/is-date-object/-/is-date-object-1.0.1.tgz",
			"integrity": "sha1-mqIOtq7rv/d/vTPnTKAbM1gdOhY=",
			"dev": true
		},
		"is-regex": {
			"version": "1.0.4",
			"resolved": "https://registry.npmjs.org/is-regex/-/is-regex-1.0.4.tgz",
			"integrity": "sha1-VRdIm1RwkbCTDglWVM7SXul+lJE=",
			"dev": true
		},
		"is-symbol": {
			"version": "1.0.1",
			"resolved": "https://registry.npmjs.org/is-symbol/-/is-symbol-1.0.1.tgz",
			"integrity": "sha1-PMWfAAJRlLarLjjbrmaJJWtmBXI=",
			"dev": true
		},
		"jsesc": {
			"version": "2.5.1",
			"resolved": "https://registry.npmjs.org/jsesc/-/jsesc-2.5.1.tgz",
			"integrity": "sha1-5CGiqOINawgZ3yiQj3glJrlt0f4=",
			"dev": true
		},
		"lodash._reinterpolate": {
			"version": "3.0.0",
			"resolved": "https://registry.npmjs.org/lodash._reinterpolate/-/lodash._reinterpolate-3.0.0.tgz",
			"integrity": "sha1-DM8tiRZq8Ds2Y8eWU4t1rG4RTZ0=",
			"dev": true
		},
		"lodash.template": {
			"version": "4.4.0",
			"resolved": "https://registry.npmjs.org/lodash.template/-/lodash.template-4.4.0.tgz",
			"integrity": "sha1-5zoDhcg1VZF0bgILmWecaQ5o+6A=",
			"dev": true
		},
		"lodash.templatesettings": {
			"version": "4.1.0",
			"resolved": "https://registry.npmjs.org/lodash.templatesettings/-/lodash.templatesettings-4.1.0.tgz",
			"integrity": "sha1-K01OlbpEDZFf8IvImeRVNmZxMxY=",
			"dev": true
		},
		"object-keys": {
			"version": "1.0.11",
			"resolved": "https://registry.npmjs.org/object-keys/-/object-keys-1.0.11.tgz",
			"integrity": "sha1-xUYBd4rVYPEULODgG8yotW0TQm0=",
			"dev": true
		},
		"regenerate": {
			"version": "1.3.2",
			"resolved": "https://registry.npmjs.org/regenerate/-/regenerate-1.3.2.tgz",
			"integrity": "sha1-0ZQcZ7rUN+G+dkM63Vs4X5WxkmA=",
			"dev": true
		},
		"regenerate-unicode-properties": {
			"version": "5.1.0",
			"resolved": "https://registry.npmjs.org/regenerate-unicode-properties/-/regenerate-unicode-properties-5.1.0.tgz",
			"integrity": "sha512-xqlmGBklpiDwqLSkXK4xz0rvr3iIQqMt/HsqA3GWei0wpIcybLoujLppewotKaxzV4KwMcMlunj7c89PIeyv+g==",
			"dev": true
		},
		"string.prototype.padstart": {
			"version": "3.0.0",
			"resolved": "https://registry.npmjs.org/string.prototype.padstart/-/string.prototype.padstart-3.0.0.tgz",
			"integrity": "sha1-W8+tOfRkm7LQMSkuGbzwtRDUskI=",
			"dev": true
		},
		"unicode-property-aliases-ecmascript": {
			"version": "1.0.3",
			"resolved": "https://registry.npmjs.org/unicode-property-aliases-ecmascript/-/unicode-property-aliases-ecmascript-1.0.3.tgz",
			"integrity": "sha512-TdDmDOTxEf2ad1g3ZBpM6cqKIb2nJpVlz1Q++casDryKz18tpeMBhSng9hjC1CTQCkOV9Rw2knlSB6iRo7ad1w==",
			"dev": true
		},
		"unicode-property-value-aliases-ecmascript": {
			"version": "1.0.1",
			"resolved": "https://registry.npmjs.org/unicode-property-value-aliases-ecmascript/-/unicode-property-value-aliases-ecmascript-1.0.1.tgz",
			"integrity": "sha512-BVtQI0c9miFIHUee0XsJlLEyS5Q7kA47Y+GE0orvzo2SRePyu2g26lhS9403BPIv0bpan3XLZ5HDdYDvE6No0Q==",
			"dev": true
		}
	}
}
